
Microsoft Visual Studio Solution File, Format Version 12.00
# Visual Studio Version 16
VisualStudioVersion = 16.0.31729.503
MinimumVisualStudioVersion = 10.0.40219.1
Project("{9A19103F-16F7-4668-BE54-9A1E7A4F7556}") = "TrafficLight", "TrafficLight\TrafficLight.csproj", "{A1F4F730-8EB3-4D93-B820-144B7A41B7B0}"
EndProject
Project("{FAE04EC0-301F-11D3-BF4B-00C04F79EFBC}") = "TrafficLight.Test", "TrafficLight.Test\TrafficLight.Test.csproj", "{52BEE86A-53A3-49AE-928D-46586B1A995A}"
EndProject
Global
	GlobalSection(SolutionConfigurationPlatforms) = preSolution
		Debug|Any CPU = Debug|Any CPU
		Release|Any CPU = Release|Any CPU
	EndGlobalSection
	GlobalSection(ProjectConfigurationPlatforms) = postSolution
		{A1F4F730-8EB3-4D93-B820-144B7A41B7B0}.Debug|Any CPU.ActiveCfg = Debug|Any CPU
		{A1F4F730-8EB3-4D93-B820-144B7A41B7B0}.Debug|Any CPU.Build.0 = Debug|Any CPU
		{A1F4F730-8EB3-4D93-B820-144B7A41B7B0}.Release|Any CPU.ActiveCfg = Release|Any CPU
		{A1F4F730-8EB3-4D93-B820-144B7A41B7B0}.Release|Any CPU.Build.0 = Release|Any CPU
		{52BEE86A-53A3-49AE-928D-46586B1A995A}.Debug|Any CPU.ActiveCfg = Debug|Any CPU
		{52BEE86A-53A3-49AE-928D-46586B1A995A}.Debug|Any CPU.Build.0 = Debug|Any CPU
		{52BEE86A-53A3-49AE-928D-46586B1A995A}.Release|Any CPU.ActiveCfg = Release|Any CPU
		{52BEE86A-53A3-49AE-928D-46586B1A995A}.Release|Any CPU.Build.0 = Release|Any CPU
	EndGlobalSection
	GlobalSection(SolutionProperties) = preSolution
		HideSolutionNode = FALSE
	EndGlobalSection
	GlobalSection(ExtensibilityGlobals) = postSolution
		SolutionGuid = {991084E7-43F7-4D4B-81DD-2521D09BAA4B}
	EndGlobalSection
EndGlobal
